
Microsoft Visual Studio Solution File, Format Version 12.00
# Visual Studio Version 16
VisualStudioVersion = 16.0.28803.202
MinimumVisualStudioVersion = 10.0.40219.1
Project("{FAE04EC0-301F-11D3-BF4B-00C04F79EFBC}") = "Experience1", "Experience1\Experience1.csproj", "{7D562F00-A10F-42BA-AD78-E44F22B0F90D}"
EndProject
Global
	GlobalSection(SolutionConfigurationPlatforms) = preSolution
		Debug|Any CPU = Debug|Any CPU
		Release|Any CPU = Release|Any CPU
	EndGlobalSection
	GlobalSection(ProjectConfigurationPlatforms) = postSolution
		{7D562F00-A10F-42BA-AD78-E44F22B0F90D}.Debug|Any CPU.ActiveCfg = Debug|Any CPU
		{7D562F00-A10F-42BA-AD78-E44F22B0F90D}.Debug|Any CPU.Build.0 = Debug|Any CPU
		{7D562F00-A10F-42BA-AD78-E44F22B0F90D}.Release|Any CPU.ActiveCfg = Release|Any CPU
		{7D562F00-A10F-42BA-AD78-E44F22B0F90D}.Release|Any CPU.Build.0 = Release|Any CPU
	EndGlobalSection
	GlobalSection(SolutionProperties) = preSolution
		HideSolutionNode = FALSE
	EndGlobalSection
	GlobalSection(ExtensibilityGlobals) = postSolution
		SolutionGuid = {03D5555B-4FA0-4F84-A238-3ABE4073AC4D}
	EndGlobalSection
EndGlobal
